
Microsoft Visual Studio Solution File, Format Version 12.00
# Visual Studio Express 14 for Windows Desktop
VisualStudioVersion = 14.0.25420.1
MinimumVisualStudioVersion = 10.0.40219.1
Project("{FAE04EC0-301F-11D3-BF4B-00C04F79EFBC}") = "LifeCycleAnalysis_oM", "LifeCycleAnalysis_oM\LifeCycleAnalysis_oM.csproj", "{0F693E7C-1A4E-42AD-A3D8-D6CE16ACAE5C}"
EndProject
Project("{FAE04EC0-301F-11D3-BF4B-00C04F79EFBC}") = "LifeCycleAnalysis_Engine", "LifeCycleAnalysis_Engine\LifeCycleAnalysis_Engine.csproj", "{75BC936E-7B41-453E-A219-C0817EB35676}"
	ProjectSection(ProjectDependencies) = postProject
		{0F693E7C-1A4E-42AD-A3D8-D6CE16ACAE5C} = {0F693E7C-1A4E-42AD-A3D8-D6CE16ACAE5C}
	EndProjectSection
EndProject
Project("{FAE04EC0-301F-11D3-BF4B-00C04F79EFBC}") = "CarbonQueryDatabase_Adapter", "CarbonQueryDatabase_Adapter\CarbonQueryDatabase_Adapter.csproj", "{C265DA93-8AAB-4B9A-865B-2AA764EB291F}"
	ProjectSection(ProjectDependencies) = postProject
		{75BC936E-7B41-453E-A219-C0817EB35676} = {75BC936E-7B41-453E-A219-C0817EB35676}
		{0F693E7C-1A4E-42AD-A3D8-D6CE16ACAE5C} = {0F693E7C-1A4E-42AD-A3D8-D6CE16ACAE5C}
	EndProjectSection
EndProject
Global
	GlobalSection(SolutionConfigurationPlatforms) = preSolution
		Debug|Any CPU = Debug|Any CPU
		Release|Any CPU = Release|Any CPU
	EndGlobalSection
	GlobalSection(ProjectConfigurationPlatforms) = postSolution
		{0F693E7C-1A4E-42AD-A3D8-D6CE16ACAE5C}.Debug|Any CPU.ActiveCfg = Debug|Any CPU
		{0F693E7C-1A4E-42AD-A3D8-D6CE16ACAE5C}.Debug|Any CPU.Build.0 = Debug|Any CPU
		{0F693E7C-1A4E-42AD-A3D8-D6CE16ACAE5C}.Release|Any CPU.ActiveCfg = Release|Any CPU
		{0F693E7C-1A4E-42AD-A3D8-D6CE16ACAE5C}.Release|Any CPU.Build.0 = Release|Any CPU
		{75BC936E-7B41-453E-A219-C0817EB35676}.Debug|Any CPU.ActiveCfg = Debug|Any CPU
		{75BC936E-7B41-453E-A219-C0817EB35676}.Debug|Any CPU.Build.0 = Debug|Any CPU
		{75BC936E-7B41-453E-A219-C0817EB35676}.Release|Any CPU.ActiveCfg = Release|Any CPU
		{75BC936E-7B41-453E-A219-C0817EB35676}.Release|Any CPU.Build.0 = Release|Any CPU
		{C265DA93-8AAB-4B9A-865B-2AA764EB291F}.Debug|Any CPU.ActiveCfg = Debug|Any CPU
		{C265DA93-8AAB-4B9A-865B-2AA764EB291F}.Debug|Any CPU.Build.0 = Debug|Any CPU
		{C265DA93-8AAB-4B9A-865B-2AA764EB291F}.Release|Any CPU.ActiveCfg = Release|Any CPU
		{C265DA93-8AAB-4B9A-865B-2AA764EB291F}.Release|Any CPU.Build.0 = Release|Any CPU
	EndGlobalSection
	GlobalSection(SolutionProperties) = preSolution
		HideSolutionNode = FALSE
	EndGlobalSection
	GlobalSection(ExtensibilityGlobals) = postSolution
		SolutionGuid = {CE4B6273-FA39-462F-B135-B041EEED64B0}
	EndGlobalSection
EndGlobal
